
Microsoft Visual Studio Solution File, Format Version 12.00
# Visual Studio Version 16
VisualStudioVersion = 16.0.30907.101
MinimumVisualStudioVersion = 10.0.40219.1
Project("{FAE04EC0-301F-11D3-BF4B-00C04F79EFBC}") = "HesapMakinesi", "HesapMakinesi\HesapMakinesi.csproj", "{092FC834-3F8D-4E9D-AA4F-268F69FF4663}"
EndProject
Global
	GlobalSection(SolutionConfigurationPlatforms) = preSolution
		Debug|Any CPU = Debug|Any CPU
		Release|Any CPU = Release|Any CPU
	EndGlobalSection
	GlobalSection(ProjectConfigurationPlatforms) = postSolution
		{092FC834-3F8D-4E9D-AA4F-268F69FF4663}.Debug|Any CPU.ActiveCfg = Debug|Any CPU
		{092FC834-3F8D-4E9D-AA4F-268F69FF4663}.Debug|Any CPU.Build.0 = Debug|Any CPU
		{092FC834-3F8D-4E9D-AA4F-268F69FF4663}.Release|Any CPU.ActiveCfg = Release|Any CPU
		{092FC834-3F8D-4E9D-AA4F-268F69FF4663}.Release|Any CPU.Build.0 = Release|Any CPU
	EndGlobalSection
	GlobalSection(SolutionProperties) = preSolution
		HideSolutionNode = FALSE
	EndGlobalSection
	GlobalSection(ExtensibilityGlobals) = postSolution
		SolutionGuid = {2A889161-57A2-4A7E-ADEF-72FD29480A11}
	EndGlobalSection
EndGlobal
